
Microsoft Visual Studio Solution File, Format Version 12.00
# Visual Studio Version 17
VisualStudioVersion = 17.3.32825.248
MinimumVisualStudioVersion = 10.0.40219.1
Project("{9A19103F-16F7-4668-BE54-9A1E7A4F7556}") = "UIAuthServer.API", "UIAuthServer.API\UIAuthServer.API.csproj", "{A8B8FF3F-57A6-4BA0-906C-98D8B569E7E7}"
EndProject
Project("{9A19103F-16F7-4668-BE54-9A1E7A4F7556}") = "AuthServer.Core", "AuthServer.Core\AuthServer.Core.csproj", "{FD118B9E-D7EA-485D-872D-04C3D6266AE1}"
EndProject
Project("{9A19103F-16F7-4668-BE54-9A1E7A4F7556}") = "AuthServer.Data", "AuthServer.Data\AuthServer.Data.csproj", "{E4BECD13-27C8-417B-A4D5-F922EE9D6F5D}"
EndProject
Project("{9A19103F-16F7-4668-BE54-9A1E7A4F7556}") = "AuthServer.Service", "AuthServer.Service\AuthServer.Service.csproj", "{82C61A81-6AB9-4C74-8901-4DCFDFBDAA7F}"
EndProject
Project("{9A19103F-16F7-4668-BE54-9A1E7A4F7556}") = "MiniApp1.API", "MiniApp1.API\MiniApp1.API.csproj", "{C04C5E1A-ED21-4748-9F39-2222A4CFEEF4}"
EndProject
Project("{9A19103F-16F7-4668-BE54-9A1E7A4F7556}") = "MiniApp2.API", "MiniApp2.API\MiniApp2.API.csproj", "{3CC6A1A3-F0C2-4E9C-849D-D9BB64526BB8}"
EndProject
Project("{9A19103F-16F7-4668-BE54-9A1E7A4F7556}") = "MiniApp3.API", "MiniApp3.API\MiniApp3.API.csproj", "{960BEC02-8A71-42E5-8E65-0165F594C81F}"
EndProject
Project("{9A19103F-16F7-4668-BE54-9A1E7A4F7556}") = "SharedLibrary", "SharedLibrary\SharedLibrary.csproj", "{C35338E9-1532-4B82-9371-C12D72C7BD7C}"
EndProject
Project("{FAE04EC0-301F-11D3-BF4B-00C04F79EFBC}") = "AuthServer.Web", "AuthServer.Web\AuthServer.Web.csproj", "{6796DCD9-BC93-4EFD-86D0-48FE54A0CAE5}"
EndProject
Global
	GlobalSection(SolutionConfigurationPlatforms) = preSolution
		Debug|Any CPU = Debug|Any CPU
		Release|Any CPU = Release|Any CPU
	EndGlobalSection
	GlobalSection(ProjectConfigurationPlatforms) = postSolution
		{A8B8FF3F-57A6-4BA0-906C-98D8B569E7E7}.Debug|Any CPU.ActiveCfg = Debug|Any CPU
		{A8B8FF3F-57A6-4BA0-906C-98D8B569E7E7}.Debug|Any CPU.Build.0 = Debug|Any CPU
		{A8B8FF3F-57A6-4BA0-906C-98D8B569E7E7}.Release|Any CPU.ActiveCfg = Release|Any CPU
		{A8B8FF3F-57A6-4BA0-906C-98D8B569E7E7}.Release|Any CPU.Build.0 = Release|Any CPU
		{FD118B9E-D7EA-485D-872D-04C3D6266AE1}.Debug|Any CPU.ActiveCfg = Debug|Any CPU
		{FD118B9E-D7EA-485D-872D-04C3D6266AE1}.Debug|Any CPU.Build.0 = Debug|Any CPU
		{FD118B9E-D7EA-485D-872D-04C3D6266AE1}.Release|Any CPU.ActiveCfg = Release|Any CPU
		{FD118B9E-D7EA-485D-872D-04C3D6266AE1}.Release|Any CPU.Build.0 = Release|Any CPU
		{E4BECD13-27C8-417B-A4D5-F922EE9D6F5D}.Debug|Any CPU.ActiveCfg = Debug|Any CPU
		{E4BECD13-27C8-417B-A4D5-F922EE9D6F5D}.Debug|Any CPU.Build.0 = Debug|Any CPU
		{E4BECD13-27C8-417B-A4D5-F922EE9D6F5D}.Release|Any CPU.ActiveCfg = Release|Any CPU
		{E4BECD13-27C8-417B-A4D5-F922EE9D6F5D}.Release|Any CPU.Build.0 = Release|Any CPU
		{82C61A81-6AB9-4C74-8901-4DCFDFBDAA7F}.Debug|Any CPU.ActiveCfg = Debug|Any CPU
		{82C61A81-6AB9-4C74-8901-4DCFDFBDAA7F}.Debug|Any CPU.Build.0 = Debug|Any CPU
		{82C61A81-6AB9-4C74-8901-4DCFDFBDAA7F}.Release|Any CPU.ActiveCfg = Release|Any CPU
		{82C61A81-6AB9-4C74-8901-4DCFDFBDAA7F}.Release|Any CPU.Build.0 = Release|Any CPU
		{C04C5E1A-ED21-4748-9F39-2222A4CFEEF4}.Debug|Any CPU.ActiveCfg = Debug|Any CPU
		{C04C5E1A-ED21-4748-9F39-2222A4CFEEF4}.Debug|Any CPU.Build.0 = Debug|Any CPU
		{C04C5E1A-ED21-4748-9F39-2222A4CFEEF4}.Release|Any CPU.ActiveCfg = Release|Any CPU
		{C04C5E1A-ED21-4748-9F39-2222A4CFEEF4}.Release|Any CPU.Build.0 = Release|Any CPU
		{3CC6A1A3-F0C2-4E9C-849D-D9BB64526BB8}.Debug|Any CPU.ActiveCfg = Debug|Any CPU
		{3CC6A1A3-F0C2-4E9C-849D-D9BB64526BB8}.Debug|Any CPU.Build.0 = Debug|Any CPU
		{3CC6A1A3-F0C2-4E9C-849D-D9BB64526BB8}.Release|Any CPU.ActiveCfg = Release|Any CPU
		{3CC6A1A3-F0C2-4E9C-849D-D9BB64526BB8}.Release|Any CPU.Build.0 = Release|Any CPU
		{960BEC02-8A71-42E5-8E65-0165F594C81F}.Debug|Any CPU.ActiveCfg = Debug|Any CPU
		{960BEC02-8A71-42E5-8E65-0165F594C81F}.Debug|Any CPU.Build.0 = Debug|Any CPU
		{960BEC02-8A71-42E5-8E65-0165F594C81F}.Release|Any CPU.ActiveCfg = Release|Any CPU
		{960BEC02-8A71-42E5-8E65-0165F594C81F}.Release|Any CPU.Build.0 = Release|Any CPU
		{C35338E9-1532-4B82-9371-C12D72C7BD7C}.Debug|Any CPU.ActiveCfg = Debug|Any CPU
		{C35338E9-1532-4B82-9371-C12D72C7BD7C}.Debug|Any CPU.Build.0 = Debug|Any CPU
		{C35338E9-1532-4B82-9371-C12D72C7BD7C}.Release|Any CPU.ActiveCfg = Release|Any CPU
		{C35338E9-1532-4B82-9371-C12D72C7BD7C}.Release|Any CPU.Build.0 = Release|Any CPU
		{6796DCD9-BC93-4EFD-86D0-48FE54A0CAE5}.Debug|Any CPU.ActiveCfg = Debug|Any CPU
		{6796DCD9-BC93-4EFD-86D0-48FE54A0CAE5}.Debug|Any CPU.Build.0 = Debug|Any CPU
		{6796DCD9-BC93-4EFD-86D0-48FE54A0CAE5}.Release|Any CPU.ActiveCfg = Release|Any CPU
		{6796DCD9-BC93-4EFD-86D0-48FE54A0CAE5}.Release|Any CPU.Build.0 = Release|Any CPU
	EndGlobalSection
	GlobalSection(SolutionProperties) = preSolution
		HideSolutionNode = FALSE
	EndGlobalSection
	GlobalSection(ExtensibilityGlobals) = postSolution
		SolutionGuid = {06D4DF08-C3CE-419D-A58B-B8BAD1D68A87}
	EndGlobalSection
EndGlobal
